
Microsoft Visual Studio Solution File, Format Version 12.00
# Visual Studio Version 16
VisualStudioVersion = 16.0.29215.179
MinimumVisualStudioVersion = 10.0.40219.1
Project("{FAE04EC0-301F-11D3-BF4B-00C04F79EFBC}") = "Homework 1", "Homework 1\Homework 1.csproj", "{639E0501-3581-44F6-BFAA-9A23D58616FE}"
EndProject
Global
	GlobalSection(SolutionConfigurationPlatforms) = preSolution
		Debug|Any CPU = Debug|Any CPU
		Release|Any CPU = Release|Any CPU
	EndGlobalSection
	GlobalSection(ProjectConfigurationPlatforms) = postSolution
		{639E0501-3581-44F6-BFAA-9A23D58616FE}.Debug|Any CPU.ActiveCfg = Debug|Any CPU
		{639E0501-3581-44F6-BFAA-9A23D58616FE}.Debug|Any CPU.Build.0 = Debug|Any CPU
		{639E0501-3581-44F6-BFAA-9A23D58616FE}.Release|Any CPU.ActiveCfg = Release|Any CPU
		{639E0501-3581-44F6-BFAA-9A23D58616FE}.Release|Any CPU.Build.0 = Release|Any CPU
	EndGlobalSection
	GlobalSection(SolutionProperties) = preSolution
		HideSolutionNode = FALSE
	EndGlobalSection
	GlobalSection(ExtensibilityGlobals) = postSolution
		SolutionGuid = {A1E39119-4A24-4BB7-B06A-90340813ABB4}
	EndGlobalSection
EndGlobal
