
Microsoft Visual Studio Solution File, Format Version 12.00
# Visual Studio Version 16
VisualStudioVersion = 16.0.29215.179
MinimumVisualStudioVersion = 10.0.40219.1
Project("{FAE04EC0-301F-11D3-BF4B-00C04F79EFBC}") = "Conditionals-1", "Homework 1\Conditionals-1.csproj", "{639E0501-3581-44F6-BFAA-9A23D58616FE}"
EndProject
Project("{FAE04EC0-301F-11D3-BF4B-00C04F79EFBC}") = "Loops-1", "Loops-1\Loops-1.csproj", "{303DB419-D723-4AA1-B983-B052A4558366}"
EndProject
Project("{FAE04EC0-301F-11D3-BF4B-00C04F79EFBC}") = "Loops-2", "Loops-2\Loops-2.csproj", "{6F4F5C20-3332-40FB-A685-4F6C8D228149}"
EndProject
Project("{FAE04EC0-301F-11D3-BF4B-00C04F79EFBC}") = "Methods-1", "Methods-1\Methods-1.csproj", "{A20AC4E4-FD43-4274-9A04-3B21B6A83B73}"
EndProject
Project("{FAE04EC0-301F-11D3-BF4B-00C04F79EFBC}") = "Arrays-1", "Collections-1\Arrays-1.csproj", "{9952EFB3-B7F1-4298-83E6-1C8908218241}"
EndProject
Project("{FAE04EC0-301F-11D3-BF4B-00C04F79EFBC}") = "Arrays-2", "Arrays-2\Arrays-2.csproj", "{EA483EA4-7F55-4708-9464-8829B2B39729}"
EndProject
Project("{FAE04EC0-301F-11D3-BF4B-00C04F79EFBC}") = "Lists-1", "Lists-1\Lists-1.csproj", "{36B395D4-D01A-437E-B32B-7CF625D93C83}"
EndProject
Global
	GlobalSection(SolutionConfigurationPlatforms) = preSolution
		Debug|Any CPU = Debug|Any CPU
		Release|Any CPU = Release|Any CPU
	EndGlobalSection
	GlobalSection(ProjectConfigurationPlatforms) = postSolution
		{639E0501-3581-44F6-BFAA-9A23D58616FE}.Debug|Any CPU.ActiveCfg = Debug|Any CPU
		{639E0501-3581-44F6-BFAA-9A23D58616FE}.Debug|Any CPU.Build.0 = Debug|Any CPU
		{639E0501-3581-44F6-BFAA-9A23D58616FE}.Release|Any CPU.ActiveCfg = Release|Any CPU
		{639E0501-3581-44F6-BFAA-9A23D58616FE}.Release|Any CPU.Build.0 = Release|Any CPU
		{303DB419-D723-4AA1-B983-B052A4558366}.Debug|Any CPU.ActiveCfg = Debug|Any CPU
		{303DB419-D723-4AA1-B983-B052A4558366}.Debug|Any CPU.Build.0 = Debug|Any CPU
		{303DB419-D723-4AA1-B983-B052A4558366}.Release|Any CPU.ActiveCfg = Release|Any CPU
		{303DB419-D723-4AA1-B983-B052A4558366}.Release|Any CPU.Build.0 = Release|Any CPU
		{6F4F5C20-3332-40FB-A685-4F6C8D228149}.Debug|Any CPU.ActiveCfg = Debug|Any CPU
		{6F4F5C20-3332-40FB-A685-4F6C8D228149}.Debug|Any CPU.Build.0 = Debug|Any CPU
		{6F4F5C20-3332-40FB-A685-4F6C8D228149}.Release|Any CPU.ActiveCfg = Release|Any CPU
		{6F4F5C20-3332-40FB-A685-4F6C8D228149}.Release|Any CPU.Build.0 = Release|Any CPU
		{A20AC4E4-FD43-4274-9A04-3B21B6A83B73}.Debug|Any CPU.ActiveCfg = Debug|Any CPU
		{A20AC4E4-FD43-4274-9A04-3B21B6A83B73}.Debug|Any CPU.Build.0 = Debug|Any CPU
		{A20AC4E4-FD43-4274-9A04-3B21B6A83B73}.Release|Any CPU.ActiveCfg = Release|Any CPU
		{A20AC4E4-FD43-4274-9A04-3B21B6A83B73}.Release|Any CPU.Build.0 = Release|Any CPU
		{9952EFB3-B7F1-4298-83E6-1C8908218241}.Debug|Any CPU.ActiveCfg = Debug|Any CPU
		{9952EFB3-B7F1-4298-83E6-1C8908218241}.Debug|Any CPU.Build.0 = Debug|Any CPU
		{9952EFB3-B7F1-4298-83E6-1C8908218241}.Release|Any CPU.ActiveCfg = Release|Any CPU
		{9952EFB3-B7F1-4298-83E6-1C8908218241}.Release|Any CPU.Build.0 = Release|Any CPU
		{EA483EA4-7F55-4708-9464-8829B2B39729}.Debug|Any CPU.ActiveCfg = Debug|Any CPU
		{EA483EA4-7F55-4708-9464-8829B2B39729}.Debug|Any CPU.Build.0 = Debug|Any CPU
		{EA483EA4-7F55-4708-9464-8829B2B39729}.Release|Any CPU.ActiveCfg = Release|Any CPU
		{EA483EA4-7F55-4708-9464-8829B2B39729}.Release|Any CPU.Build.0 = Release|Any CPU
		{36B395D4-D01A-437E-B32B-7CF625D93C83}.Debug|Any CPU.ActiveCfg = Debug|Any CPU
		{36B395D4-D01A-437E-B32B-7CF625D93C83}.Debug|Any CPU.Build.0 = Debug|Any CPU
		{36B395D4-D01A-437E-B32B-7CF625D93C83}.Release|Any CPU.ActiveCfg = Release|Any CPU
		{36B395D4-D01A-437E-B32B-7CF625D93C83}.Release|Any CPU.Build.0 = Release|Any CPU
	EndGlobalSection
	GlobalSection(SolutionProperties) = preSolution
		HideSolutionNode = FALSE
	EndGlobalSection
	GlobalSection(ExtensibilityGlobals) = postSolution
		SolutionGuid = {A1E39119-4A24-4BB7-B06A-90340813ABB4}
	EndGlobalSection
EndGlobal
